
Microsoft Visual Studio Solution File, Format Version 12.00
# Visual Studio Version 17
VisualStudioVersion = 17.4.33213.308
MinimumVisualStudioVersion = 10.0.40219.1
Project("{FAE04EC0-301F-11D3-BF4B-00C04F79EFBC}") = "AssigmentCICD", "AssigmentCICD\AssigmentCICD.csproj", "{FE8F75AF-C244-4234-A1B3-24710229AE1B}"
EndProject
Global
	GlobalSection(SolutionConfigurationPlatforms) = preSolution
		Debug|Any CPU = Debug|Any CPU
		Release|Any CPU = Release|Any CPU
	EndGlobalSection
	GlobalSection(ProjectConfigurationPlatforms) = postSolution
		{FE8F75AF-C244-4234-A1B3-24710229AE1B}.Debug|Any CPU.ActiveCfg = Debug|Any CPU
		{FE8F75AF-C244-4234-A1B3-24710229AE1B}.Debug|Any CPU.Build.0 = Debug|Any CPU
		{FE8F75AF-C244-4234-A1B3-24710229AE1B}.Release|Any CPU.ActiveCfg = Release|Any CPU
		{FE8F75AF-C244-4234-A1B3-24710229AE1B}.Release|Any CPU.Build.0 = Release|Any CPU
	EndGlobalSection
	GlobalSection(SolutionProperties) = preSolution
		HideSolutionNode = FALSE
	EndGlobalSection
	GlobalSection(ExtensibilityGlobals) = postSolution
		SolutionGuid = {05F35E46-A82D-48A7-B666-A16075756266}
	EndGlobalSection
EndGlobal
